# This file is automatically @generated by Cargo.
# It is not intended for manual editing.
[[package]]
name = "assembler"
version = "0.1.0"
dependencies = [
 "mmap 0.1.1 (git+https://github.com/retep998/rust-mmap)",
]

[[package]]
name = "libc"
version = "0.1.12"
source = "registry+https://github.com/rust-lang/crates.io-index"

[[package]]
name = "mmap"
version = "0.1.1"
source = "git+https://github.com/retep998/rust-mmap#4617dd0901d6899faebfbc427714b89fcb889880"
dependencies = [
 "libc 0.1.12 (registry+https://github.com/rust-lang/crates.io-index)",
]

[metadata]
"checksum libc 0.1.12 (registry+https://github.com/rust-lang/crates.io-index)" = "e32a70cf75e5846d53a673923498228bbec6a8624708a9ea5645f075d6276122"
"checksum mmap 0.1.1 (git+https://github.com/retep998/rust-mmap)" = "<none>"
